// !$*UTF8*$!
{
	archiveVersion = 1;
	classes = {
	};
	objectVersion = 46;
	objects = {

/* Begin PBXBuildFile section */
		44BBA1631BDEBFB500B15D0A /* main.m in Sources */ = {isa = PBXBuildFile; fileRef = 44BBA1621BDEBFB500B15D0A /* main.m */; };
		44BBA1661BDEBFB500B15D0A /* AppDelegate.m in Sources */ = {isa = PBXBuildFile; fileRef = 44BBA1651BDEBFB500B15D0A /* AppDelegate.m */; };
		44BBA1691BDEBFB500B15D0A /* ViewController.m in Sources */ = {isa = PBXBuildFile; fileRef = 44BBA1681BDEBFB500B15D0A /* ViewController.m */; };
		44BBA16C1BDEBFB500B15D0A /* Main.storyboard in Resources */ = {isa = PBXBuildFile; fileRef = 44BBA16A1BDEBFB500B15D0A /* Main.storyboard */; };
		44BBA16E1BDEBFB500B15D0A /* Images.xcassets in Resources */ = {isa = PBXBuildFile; fileRef = 44BBA16D1BDEBFB500B15D0A /* Images.xcassets */; };
		44BBA1711BDEBFB500B15D0A /* LaunchScreen.xib in Resources */ = {isa = PBXBuildFile; fileRef = 44BBA16F1BDEBFB500B15D0A /* LaunchScreen.xib */; };
		44BBA17D1BDEBFB500B15D0A /* triangleTests.m in Sources */ = {isa = PBXBuildFile; fileRef = 44BBA17C1BDEBFB500B15D0A /* triangleTests.m */; };
/* End PBXBuildFile section */

/* Begin PBXContainerItemProxy section */
		44BBA1771BDEBFB500B15D0A /* PBXContainerItemProxy */ = {
			isa = PBXContainerItemProxy;
			containerPortal = 44BBA1551BDEBFB500B15D0A /* Project object */;
			proxyType = 1;
			remoteGlobalIDString = 44BBA15C1BDEBFB500B15D0A;
			remoteInfo = triangle;
		};
/* End PBXContainerItemProxy section */

/* Begin PBXFileReference section */
		44BBA15D1BDEBFB500B15D0A /* triangle.app */ = {isa = PBXFileReference; explicitFileType = wrapper.application; includeInIndex = 0; path = triangle.app; sourceTree = BUILT_PRODUCTS_DIR; };
		44BBA1611BDEBFB500B15D0A /* Info.plist */ = {isa = PBXFileReference; lastKnownFileType = text.plist.xml; path = Info.plist; sourceTree = "<group>"; };
		44BBA1621BDEBFB500B15D0A /* main.m */ = {isa = PBXFileReference; lastKnownFileType = sourcecode.c.objc; path = main.m; sourceTree = "<group>"; };
		44BBA1641BDEBFB500B15D0A /* AppDelegate.h */ = {isa = PBXFileReference; lastKnownFileType = sourcecode.c.h; path = AppDelegate.h; sourceTree = "<group>"; };
		44BBA1651BDEBFB500B15D0A /* AppDelegate.m */ = {isa = PBXFileReference; lastKnownFileType = sourcecode.c.objc; path = AppDelegate.m; sourceTree = "<group>"; };
		44BBA1671BDEBFB500B15D0A /* ViewController.h */ = {isa = PBXFileReference; lastKnownFileType = sourcecode.c.h; path = ViewController.h; sourceTree = "<group>"; };
		44BBA1681BDEBFB500B15D0A /* ViewController.m */ = {isa = PBXFileReference; lastKnownFileType = sourcecode.c.objc; path = ViewController.m; sourceTree = "<group>"; };
		44BBA16B1BDEBFB500B15D0A /* Base */ = {isa = PBXFileReference; lastKnownFileType = file.storyboard; name = Base; path = Base.lproj/Main.storyboard; sourceTree = "<group>"; };
		44BBA16D1BDEBFB500B15D0A /* Images.xcassets */ = {isa = PBXFileReference; lastKnownFileType = folder.assetcatalog; path = Images.xcassets; sourceTree = "<group>"; };
		44BBA1701BDEBFB500B15D0A /* Base */ = {isa = PBXFileReference; lastKnownFileType = file.xib; name = Base; path = Base.lproj/LaunchScreen.xib; sourceTree = "<group>"; };
		44BBA1761BDEBFB500B15D0A /* triangleTests.xctest */ = {isa = PBXFileReference; explicitFileType = wrapper.cfbundle; includeInIndex = 0; path = triangleTests.xctest; sourceTree = BUILT_PRODUCTS_DIR; };
		44BBA17B1BDEBFB500B15D0A /* Info.plist */ = {isa = PBXFileReference; lastKnownFileType = text.plist.xml; path = Info.plist; sourceTree = "<group>"; };
		44BBA17C1BDEBFB500B15D0A /* triangleTests.m */ = {isa = PBXFileReference; lastKnownFileType = sourcecode.c.objc; path = triangleTests.m; sourceTree = "<group>"; };
/* End PBXFileReference section */

/* Begin PBXFrameworksBuildPhase section */
		44BBA15A1BDEBFB500B15D0A /* Frameworks */ = {
			isa = PBXFrameworksBuildPhase;
			buildActionMask = 2147483647;
			files = (
			);
			runOnlyForDeploymentPostprocessing = 0;
		};
		44BBA1731BDEBFB500B15D0A /* Frameworks */ = {
			isa = PBXFrameworksBuildPhase;
			buildActionMask = 2147483647;
			files = (
			);
			runOnlyForDeploymentPostprocessing = 0;
		};
/* End PBXFrameworksBuildPhase section */

/* Begin PBXGroup section */
		44BBA1541BDEBFB500B15D0A = {
			isa = PBXGroup;
			children = (
				44BBA15F1BDEBFB500B15D0A /* triangle */,
				44BBA1791BDEBFB500B15D0A /* triangleTests */,
				44BBA15E1BDEBFB500B15D0A /* Products */,
			);
			sourceTree = "<group>";
		};
		44BBA15E1BDEBFB500B15D0A /* Products */ = {
			isa = PBXGroup;
			children = (
				44BBA15D1BDEBFB500B15D0A /* triangle.app */,
				44BBA1761BDEBFB500B15D0A /* triangleTests.xctest */,
			);
			name = Products;
			sourceTree = "<group>";
		};
		44BBA15F1BDEBFB500B15D0A /* triangle */ = {
			isa = PBXGroup;
			children = (
				44BBA1641BDEBFB500B15D0A /* AppDelegate.h */,
				44BBA1651BDEBFB500B15D0A /* AppDelegate.m */,
				44BBA1671BDEBFB500B15D0A /* ViewController.h */,
				44BBA1681BDEBFB500B15D0A /* ViewController.m */,
				44BBA16A1BDEBFB500B15D0A /* Main.storyboard */,
				44BBA16D1BDEBFB500B15D0A /* Images.xcassets */,
				44BBA16F1BDEBFB500B15D0A /* LaunchScreen.xib */,
				44BBA1601BDEBFB500B15D0A /* Supporting Files */,
			);
			path = triangle;
			sourceTree = "<group>";
		};
		44BBA1601BDEBFB500B15D0A /* Supporting Files */ = {
			isa = PBXGroup;
			children = (
				44BBA1611BDEBFB500B15D0A /* Info.plist */,
				44BBA1621BDEBFB500B15D0A /* main.m */,
			);
			name = "Supporting Files";
			sourceTree = "<group>";
		};
		44BBA1791BDEBFB500B15D0A /* triangleTests */ = {
			isa = PBXGroup;
			children = (
				44BBA17C1BDEBFB500B15D0A /* triangleTests.m */,
				44BBA17A1BDEBFB500B15D0A /* Supporting Files */,
			);
			path = triangleTests;
			sourceTree = "<group>";
		};
		44BBA17A1BDEBFB500B15D0A /* Supporting Files */ = {
			isa = PBXGroup;
			children = (
				44BBA17B1BDEBFB500B15D0A /* Info.plist */,
			);
			name = "Supporting Files";
			sourceTree = "<group>";
		};
/* End PBXGroup section */

/* Begin PBXNativeTarget section */
		44BBA15C1BDEBFB500B15D0A /* triangle */ = {
			isa = PBXNativeTarget;
			buildConfigurationList = 44BBA1801BDEBFB500B15D0A /* Build configuration list for PBXNativeTarget "triangle" */;
			buildPhases = (
				44BBA1591BDEBFB500B15D0A /* Sources */,
				44BBA15A1BDEBFB500B15D0A /* Frameworks */,
				44BBA15B1BDEBFB500B15D0A /* Resources */,
			);
			buildRules = (
			);
			dependencies = (
			);
			name = triangle;
			productName = triangle;
			productReference = 44BBA15D1BDEBFB500B15D0A /* triangle.app */;
			productType = "com.apple.product-type.application";
		};
		44BBA1751BDEBFB500B15D0A /* triangleTests */ = {
			isa = PBXNativeTarget;
			buildConfigurationList = 44BBA1831BDEBFB500B15D0A /* Build configuration list for PBXNativeTarget "triangleTests" */;
			buildPhases = (
				44BBA1721BDEBFB500B15D0A /* Sources */,
				44BBA1731BDEBFB500B15D0A /* Frameworks */,
				44BBA1741BDEBFB500B15D0A /* Resources */,
			);
			buildRules = (
			);
			dependencies = (
				44BBA1781BDEBFB500B15D0A /* PBXTargetDependency */,
			);
			name = triangleTests;
			productName = triangleTests;
			productReference = 44BBA1761BDEBFB500B15D0A /* triangleTests.xctest */;
			productType = "com.apple.product-type.bundle.unit-test";
		};
/* End PBXNativeTarget section */

/* Begin PBXProject section */
		44BBA1551BDEBFB500B15D0A /* Project object */ = {
			isa = PBXProject;
			attributes = {
				LastUpgradeCheck = 0620;
				ORGANIZATIONNAME = com.miyamoto;
				TargetAttributes = {
					44BBA15C1BDEBFB500B15D0A = {
						CreatedOnToolsVersion = 6.2;
					};
					44BBA1751BDEBFB500B15D0A = {
						CreatedOnToolsVersion = 6.2;
						TestTargetID = 44BBA15C1BDEBFB500B15D0A;
					};
				};
			};
			buildConfigurationList = 44BBA1581BDEBFB500B15D0A /* Build configuration list for PBXProject "triangle" */;
			compatibilityVersion = "Xcode 3.2";
			developmentRegion = English;
			hasScannedForEncodings = 0;
			knownRegions = (
				en,
				Base,
			);
			mainGroup = 44BBA1541BDEBFB500B15D0A;
			productRefGroup = 44BBA15E1BDEBFB500B15D0A /* Products */;
			projectDirPath = "";
			projectRoot = "";
			targets = (
				44BBA15C1BDEBFB500B15D0A /* triangle */,
				44BBA1751BDEBFB500B15D0A /* triangleTests */,
			);
		};
/* End PBXProject section */

/* Begin PBXResourcesBuildPhase section */
		44BBA15B1BDEBFB500B15D0A /* Resources */ = {
			isa = PBXResourcesBuildPhase;
			buildActionMask = 2147483647;
			files = (
				44BBA16C1BDEBFB500B15D0A /* Main.storyboard in Resources */,
				44BBA1711BDEBFB500B15D0A /* LaunchScreen.xib in Resources */,
				44BBA16E1BDEBFB500B15D0A /* Images.xcassets in Resources */,
			);
			runOnlyForDeploymentPostprocessing = 0;
		};
		44BBA1741BDEBFB500B15D0A /* Resources */ = {
			isa = PBXResourcesBuildPhase;
			buildActionMask = 2147483647;
			files = (
			);
			runOnlyForDeploymentPostprocessing = 0;
		};
/* End PBXResourcesBuildPhase section */

/* Begin PBXSourcesBuildPhase section */
		44BBA1591BDEBFB500B15D0A /* Sources */ = {
			isa = PBXSourcesBuildPhase;
			buildActionMask = 2147483647;
			files = (
				44BBA1691BDEBFB500B15D0A /* ViewController.m in Sources */,
				44BBA1661BDEBFB500B15D0A /* AppDelegate.m in Sources */,
				44BBA1631BDEBFB500B15D0A /* main.m in Sources */,
			);
			runOnlyForDeploymentPostprocessing = 0;
		};
		44BBA1721BDEBFB500B15D0A /* Sources */ = {
			isa = PBXSourcesBuildPhase;
			buildActionMask = 2147483647;
			files = (
				44BBA17D1BDEBFB500B15D0A /* triangleTests.m in Sources */,
			);
			runOnlyForDeploymentPostprocessing = 0;
		};
/* End PBXSourcesBuildPhase section */

/* Begin PBXTargetDependency section */
		44BBA1781BDEBFB500B15D0A /* PBXTargetDependency */ = {
			isa = PBXTargetDependency;
			target = 44BBA15C1BDEBFB500B15D0A /* triangle */;
			targetProxy = 44BBA1771BDEBFB500B15D0A /* PBXContainerItemProxy */;
		};
/* End PBXTargetDependency section */

/* Begin PBXVariantGroup section */
		44BBA16A1BDEBFB500B15D0A /* Main.storyboard */ = {
			isa = PBXVariantGroup;
			children = (
				44BBA16B1BDEBFB500B15D0A /* Base */,
			);
			name = Main.storyboard;
			sourceTree = "<group>";
		};
		44BBA16F1BDEBFB500B15D0A /* LaunchScreen.xib */ = {
			isa = PBXVariantGroup;
			children = (
				44BBA1701BDEBFB500B15D0A /* Base */,
			);
			name = LaunchScreen.xib;
			sourceTree = "<group>";
		};
/* End PBXVariantGroup section */

/* Begin XCBuildConfiguration section */
		44BBA17E1BDEBFB500B15D0A /* Debug */ = {
			isa = XCBuildConfiguration;
			buildSettings = {
				ALWAYS_SEARCH_USER_PATHS = NO;
				CLANG_CXX_LANGUAGE_STANDARD = "gnu++0x";
				CLANG_CXX_LIBRARY = "libc++";
				CLANG_ENABLE_MODULES = YES;
				CLANG_ENABLE_OBJC_ARC = YES;
				CLANG_WARN_BOOL_CONVERSION = YES;
				CLANG_WARN_CONSTANT_CONVERSION = YES;
				CLANG_WARN_DIRECT_OBJC_ISA_USAGE = YES_ERROR;
				CLANG_WARN_EMPTY_BODY = YES;
				CLANG_WARN_ENUM_CONVERSION = YES;
				CLANG_WARN_INT_CONVERSION = YES;
				CLANG_WARN_OBJC_ROOT_CLASS = YES_ERROR;
				CLANG_WARN_UNREACHABLE_CODE = YES;
				CLANG_WARN__DUPLICATE_METHOD_MATCH = YES;
				"CODE_SIGN_IDENTITY[sdk=iphoneos*]" = "iPhone Developer";
				COPY_PHASE_STRIP = NO;
				ENABLE_STRICT_OBJC_MSGSEND = YES;
				GCC_C_LANGUAGE_STANDARD = gnu99;
				GCC_DYNAMIC_NO_PIC = NO;
				GCC_OPTIMIZATION_LEVEL = 0;
				GCC_PREPROCESSOR_DEFINITIONS = (
					"DEBUG=1",
					"$(inherited)",
				);
				GCC_SYMBOLS_PRIVATE_EXTERN = NO;
				GCC_WARN_64_TO_32_BIT_CONVERSION = YES;
				GCC_WARN_ABOUT_RETURN_TYPE = YES_ERROR;
				GCC_WARN_UNDECLARED_SELECTOR = YES;
				GCC_WARN_UNINITIALIZED_AUTOS = YES_AGGRESSIVE;
				GCC_WARN_UNUSED_FUNCTION = YES;
				GCC_WARN_UNUSED_VARIABLE = YES;
				IPHONEOS_DEPLOYMENT_TARGET = 8.2;
				MTL_ENABLE_DEBUG_INFO = YES;
				ONLY_ACTIVE_ARCH = YES;
				SDKROOT = iphoneos;
			};
			name = Debug;
		};
		44BBA17F1BDEBFB500B15D0A /* Release */ = {
			isa = XCBuildConfiguration;
			buildSettings = {
				ALWAYS_SEARCH_USER_PATHS = NO;
				CLANG_CXX_LANGUAGE_STANDARD = "gnu++0x";
				CLANG_CXX_LIBRARY = "libc++";
				CLANG_ENABLE_MODULES = YES;
				CLANG_ENABLE_OBJC_ARC = YES;
				CLANG_WARN_BOOL_CONVERSION = YES;
				CLANG_WARN_CONSTANT_CONVERSION = YES;
				CLANG_WARN_DIRECT_OBJC_ISA_USAGE = YES_ERROR;
				CLANG_WARN_EMPTY_BODY = YES;
				CLANG_WARN_ENUM_CONVERSION = YES;
				CLANG_WARN_INT_CONVERSION = YES;
				CLANG_WARN_OBJC_ROOT_CLASS = YES_ERROR;
				CLANG_WARN_UNREACHABLE_CODE = YES;
				CLANG_WARN__DUPLICATE_METHOD_MATCH = YES;
				"CODE_SIGN_IDENTITY[sdk=iphoneos*]" = "iPhone Developer";
				COPY_PHASE_STRIP = NO;
				ENABLE_NS_ASSERTIONS = NO;
				ENABLE_STRICT_OBJC_MSGSEND = YES;
				GCC_C_LANGUAGE_STANDARD = gnu99;
				GCC_WARN_64_TO_32_BIT_CONVERSION = YES;
				GCC_WARN_ABOUT_RETURN_TYPE = YES_ERROR;
				GCC_WARN_UNDECLARED_SELECTOR = YES;
				GCC_WARN_UNINITIALIZED_AUTOS = YES_AGGRESSIVE;
				GCC_WARN_UNUSED_FUNCTION = YES;
				GCC_WARN_UNUSED_VARIABLE = YES;
				IPHONEOS_DEPLOYMENT_TARGET = 8.2;
				MTL_ENABLE_DEBUG_INFO = NO;
				SDKROOT = iphoneos;
				VALIDATE_PRODUCT = YES;
			};
			name = Release;
		};
		44BBA1811BDEBFB500B15D0A /* Debug */ = {
			isa = XCBuildConfiguration;
			buildSettings = {
				ASSETCATALOG_COMPILER_APPICON_NAME = AppIcon;
				INFOPLIST_FILE = triangle/Info.plist;
				LD_RUNPATH_SEARCH_PATHS = "$(inherited) @executable_path/Frameworks";
				PRODUCT_NAME = "$(TARGET_NAME)";
			};
			name = Debug;
		};
		44BBA1821BDEBFB500B15D0A /* Release */ = {
			isa = XCBuildConfiguration;
			buildSettings = {
				ASSETCATALOG_COMPILER_APPICON_NAME = AppIcon;
				INFOPLIST_FILE = triangle/Info.plist;
				LD_RUNPATH_SEARCH_PATHS = "$(inherited) @executable_path/Frameworks";
				PRODUCT_NAME = "$(TARGET_NAME)";
			};
			name = Release;
		};
		44BBA1841BDEBFB500B15D0A /* Debug */ = {
			isa = XCBuildConfiguration;
			buildSettings = {
				BUNDLE_LOADER = "$(TEST_HOST)";
				FRAMEWORK_SEARCH_PATHS = (
					"$(SDKROOT)/Developer/Library/Frameworks",
					"$(inherited)",
				);
				GCC_PREPROCESSOR_DEFINITIONS = (
					"DEBUG=1",
					"$(inherited)",
				);
				INFOPLIST_FILE = triangleTests/Info.plist;
				LD_RUNPATH_SEARCH_PATHS = "$(inherited) @executable_path/Frameworks @loader_path/Frameworks";
				PRODUCT_NAME = "$(TARGET_NAME)";
				TEST_HOST = "$(BUILT_PRODUCTS_DIR)/triangle.app/triangle";
			};
			name = Debug;
		};
		44BBA1851BDEBFB500B15D0A /* Release */ = {
			isa = XCBuildConfiguration;
			buildSettings = {
				BUNDLE_LOADER = "$(TEST_HOST)";
				FRAMEWORK_SEARCH_PATHS = (
					"$(SDKROOT)/Developer/Library/Frameworks",
					"$(inherited)",
				);
				INFOPLIST_FILE = triangleTests/Info.plist;
				LD_RUNPATH_SEARCH_PATHS = "$(inherited) @executable_path/Frameworks @loader_path/Frameworks";
				PRODUCT_NAME = "$(TARGET_NAME)";
				TEST_HOST = "$(BUILT_PRODUCTS_DIR)/triangle.app/triangle";
			};
			name = Release;
		};
/* End XCBuildConfiguration section */

/* Begin XCConfigurationList section */
		44BBA1581BDEBFB500B15D0A /* Build configuration list for PBXProject "triangle" */ = {
			isa = XCConfigurationList;
			buildConfigurations = (
				44BBA17E1BDEBFB500B15D0A /* Debug */,
				44BBA17F1BDEBFB500B15D0A /* Release */,
			);
			defaultConfigurationIsVisible = 0;
			defaultConfigurationName = Release;
		};
		44BBA1801BDEBFB500B15D0A /* Build configuration list for PBXNativeTarget "triangle" */ = {
			isa = XCConfigurationList;
			buildConfigurations = (
				44BBA1811BDEBFB500B15D0A /* Debug */,
				44BBA1821BDEBFB500B15D0A /* Release */,
			);
			defaultConfigurationIsVisible = 0;
		};
		44BBA1831BDEBFB500B15D0A /* Build configuration list for PBXNativeTarget "triangleTests" */ = {
			isa = XCConfigurationList;
			buildConfigurations = (
				44BBA1841BDEBFB500B15D0A /* Debug */,
				44BBA1851BDEBFB500B15D0A /* Release */,
			);
			defaultConfigurationIsVisible = 0;
		};
/* End XCConfigurationList section */
	};
	rootObject = 44BBA1551BDEBFB500B15D0A /* Project object */;
}
